
Microsoft Visual Studio Solution File, Format Version 12.00
# Visual Studio Version 16
VisualStudioVersion = 16.0.30011.22
MinimumVisualStudioVersion = 10.0.40219.1
Project("{FAE04EC0-301F-11D3-BF4B-00C04F79EFBC}") = "GetMgpExpectationFunction.Composition", "dwyl.GetMgpExpectationFunction.Composition\GetMgpExpectationFunction.Composition.csproj", "{92F6EE09-0718-4BE9-B593-09B5988E6E3D}"
EndProject
Global
	GlobalSection(SolutionConfigurationPlatforms) = preSolution
		Debug|Any CPU = Debug|Any CPU
		Release|Any CPU = Release|Any CPU
	EndGlobalSection
	GlobalSection(ProjectConfigurationPlatforms) = postSolution
		{92F6EE09-0718-4BE9-B593-09B5988E6E3D}.Debug|Any CPU.ActiveCfg = Debug|Any CPU
		{92F6EE09-0718-4BE9-B593-09B5988E6E3D}.Debug|Any CPU.Build.0 = Debug|Any CPU
		{92F6EE09-0718-4BE9-B593-09B5988E6E3D}.Release|Any CPU.ActiveCfg = Release|Any CPU
		{92F6EE09-0718-4BE9-B593-09B5988E6E3D}.Release|Any CPU.Build.0 = Release|Any CPU
	EndGlobalSection
	GlobalSection(SolutionProperties) = preSolution
		HideSolutionNode = FALSE
	EndGlobalSection
	GlobalSection(ExtensibilityGlobals) = postSolution
		SolutionGuid = {D5671236-6807-4D02-BC49-8A3FE60D4A78}
	EndGlobalSection
EndGlobal
